
Microsoft Visual Studio Solution File, Format Version 12.00
# Visual Studio Version 17
VisualStudioVersion = 17.5.33414.496
MinimumVisualStudioVersion = 10.0.40219.1
Project("{FAE04EC0-301F-11D3-BF4B-00C04F79EFBC}") = "consoleTraining", "consoleTraining\consoleTraining.csproj", "{4708BD39-15AB-4B75-A16B-9FB222193641}"
EndProject
Global
	GlobalSection(SolutionConfigurationPlatforms) = preSolution
		Debug|Any CPU = Debug|Any CPU
		Release|Any CPU = Release|Any CPU
	EndGlobalSection
	GlobalSection(ProjectConfigurationPlatforms) = postSolution
		{4708BD39-15AB-4B75-A16B-9FB222193641}.Debug|Any CPU.ActiveCfg = Debug|Any CPU
		{4708BD39-15AB-4B75-A16B-9FB222193641}.Debug|Any CPU.Build.0 = Debug|Any CPU
		{4708BD39-15AB-4B75-A16B-9FB222193641}.Release|Any CPU.ActiveCfg = Release|Any CPU
		{4708BD39-15AB-4B75-A16B-9FB222193641}.Release|Any CPU.Build.0 = Release|Any CPU
	EndGlobalSection
	GlobalSection(SolutionProperties) = preSolution
		HideSolutionNode = FALSE
	EndGlobalSection
	GlobalSection(ExtensibilityGlobals) = postSolution
		SolutionGuid = {D72EB25D-4604-4797-BB8A-6AD6053B49C5}
	EndGlobalSection
EndGlobal
